PODS:
  - NSObject+Rx (2.0.0):
    - RxSwift
  - RxCocoa (3.0.0):
    - RxSwift (~> 3.0)
  - RxSwift (3.0.0)

DEPENDENCIES:
  - NSObject+Rx
  - RxCocoa (~> 3.0)
  - RxSwift (~> 3.0)

SPEC CHECKSUMS:
  NSObject+Rx: 2a9cd801d9c847e6d2486cbad8d7701b67834e70
  RxCocoa: 0a2f3ae381cf16f4021a4cee7a4420f83058a965
  RxSwift: a930cd662f5b4a7ca9dc3518585dba91dadf497c

PODFILE CHECKSUM: abfca7bf54de34f434a4811bf50396ee6cbbe7da

COCOAPODS: 1.1.1
